
Microsoft Visual Studio Solution File, Format Version 12.00
# Visual Studio Version 17
VisualStudioVersion = 17.11.35219.272
MinimumVisualStudioVersion = 10.0.40219.1
Project("{8BC9CEB8-8B4A-11D0-8D11-00A0C91BC942}") = "GateServer", "GateServer.vcxproj", "{34350E91-7BC1-4A5F-8BAB-5B04FACD798F}"
EndProject
Global
	GlobalSection(SolutionConfigurationPlatforms) = preSolution
		Debug|x64 = Debug|x64
		Debug|x86 = Debug|x86
		Release|x64 = Release|x64
		Release|x86 = Release|x86
	EndGlobalSection
	GlobalSection(ProjectConfigurationPlatforms) = postSolution
		{34350E91-7BC1-4A5F-8BAB-5B04FACD798F}.Debug|x64.ActiveCfg = Debug|x64
		{34350E91-7BC1-4A5F-8BAB-5B04FACD798F}.Debug|x64.Build.0 = Debug|x64
		{34350E91-7BC1-4A5F-8BAB-5B04FACD798F}.Debug|x86.ActiveCfg = Debug|Win32
		{34350E91-7BC1-4A5F-8BAB-5B04FACD798F}.Debug|x86.Build.0 = Debug|Win32
		{34350E91-7BC1-4A5F-8BAB-5B04FACD798F}.Release|x64.ActiveCfg = Release|x64
		{34350E91-7BC1-4A5F-8BAB-5B04FACD798F}.Release|x64.Build.0 = Release|x64
		{34350E91-7BC1-4A5F-8BAB-5B04FACD798F}.Release|x86.ActiveCfg = Release|Win32
		{34350E91-7BC1-4A5F-8BAB-5B04FACD798F}.Release|x86.Build.0 = Release|Win32
	EndGlobalSection
	GlobalSection(SolutionProperties) = preSolution
		HideSolutionNode = FALSE
	EndGlobalSection
	GlobalSection(ExtensibilityGlobals) = postSolution
		SolutionGuid = {944A6774-AEC6-47AD-9715-B71BCE5F9EC4}
	EndGlobalSection
EndGlobal
